
Microsoft Visual Studio Solution File, Format Version 12.00
Project("{FAE04EC0-301F-11D3-BF4B-00C04F79EFBC}") = "Noetix", "Noetix\Noetix.csproj", "{766D2CFF-41D2-49F1-B9AF-973976DA5081}"
EndProject
Project("{FAE04EC0-301F-11D3-BF4B-00C04F79EFBC}") = "Noetix.LLM.Providers.Anthropic", "Noetix.LLM.Providers.Anthropic\Noetix.LLM.Providers.Anthropic.csproj", "{A0FED215-A73A-4145-AD4F-9751B178EF1C}"
EndProject
Project("{FAE04EC0-301F-11D3-BF4B-00C04F79EFBC}") = "Noetix.LLM.Providers.OpenAI", "Noetix.LLM.Providers.OpenAI\Noetix.LLM.Providers.OpenAI.csproj", "{BEC02452-4AE8-42AF-8699-5361BBFB1CC1}"
EndProject
Project("{FAE04EC0-301F-11D3-BF4B-00C04F79EFBC}") = "Noetix.Tests", "Noetix.Tests\Noetix.Tests.csproj", "{6DA7C0C2-7E48-4AA2-8A1B-BC0370B50721}"
EndProject
Project("{F2A71F9B-5D33-465A-A702-920D77279786}") = "Noetix.Codecs", "Noetix.Codecs\Noetix.Codecs.fsproj", "{5552BD23-8A5C-4A3F-8C2C-856E95660DF1}"
EndProject
Project("{2150E333-8FDC-42A3-9474-1A3956D46DE8}") = "LLMProviders", "LLMProviders", "{713FA794-7964-48D5-918D-58484C3CAAE9}"
EndProject
Project("{2150E333-8FDC-42A3-9474-1A3956D46DE8}") = "VectorStorage", "VectorStorage", "{0C57AFC7-4825-43EB-988B-6A139DA001E6}"
EndProject
Project("{FAE04EC0-301F-11D3-BF4B-00C04F79EFBC}") = "Noetix.Knowledge.SharpVector", "Noetix.Knowledge.SharpVector\Noetix.Knowledge.SharpVector.csproj", "{7096DA31-36E8-43A0-9E8E-69B253C22C02}"
EndProject
Project("{2150E333-8FDC-42A3-9474-1A3956D46DE8}") = "Examples", "Examples", "{F473668D-E268-4532-B2C2-125F912448D7}"
EndProject
Project("{FAE04EC0-301F-11D3-BF4B-00C04F79EFBC}") = "ResearchAssistant", "Examples\ResearchAssistant\ResearchAssistant.csproj", "{A9580C3E-90EA-44E2-9CC2-5BBBBCA9CDC5}"
EndProject
Project("{FAE04EC0-301F-11D3-BF4B-00C04F79EFBC}") = "Noetix.LLM.Providers.Ollama", "Noetix.LLM.Providers.Ollama\Noetix.LLM.Providers.Ollama.csproj", "{842E5918-E7B8-45F0-81AE-60F6927791C5}"
EndProject
Project("{FAE04EC0-301F-11D3-BF4B-00C04F79EFBC}") = "Noetix.LLM.Providers.Google", "Noetix.LLM.Providers.Google\Noetix.LLM.Providers.Google.csproj", "{86384493-A91D-4C97-B874-66E1A1A5301F}"
EndProject
Project("{FAE04EC0-301F-11D3-BF4B-00C04F79EFBC}") = "DotnetGeminiSDK", "vendor\DotnetGeminiSDK\DotnetGeminiSDK.csproj", "{140C1665-D48D-4559-8718-604A47AA362D}"
EndProject
Global
	GlobalSection(SolutionConfigurationPlatforms) = preSolution
		Debug|Any CPU = Debug|Any CPU
		Release|Any CPU = Release|Any CPU
	EndGlobalSection
	GlobalSection(ProjectConfigurationPlatforms) = postSolution
		{766D2CFF-41D2-49F1-B9AF-973976DA5081}.Debug|Any CPU.ActiveCfg = Debug|Any CPU
		{766D2CFF-41D2-49F1-B9AF-973976DA5081}.Debug|Any CPU.Build.0 = Debug|Any CPU
		{766D2CFF-41D2-49F1-B9AF-973976DA5081}.Release|Any CPU.ActiveCfg = Release|Any CPU
		{766D2CFF-41D2-49F1-B9AF-973976DA5081}.Release|Any CPU.Build.0 = Release|Any CPU
		{A0FED215-A73A-4145-AD4F-9751B178EF1C}.Debug|Any CPU.ActiveCfg = Debug|Any CPU
		{A0FED215-A73A-4145-AD4F-9751B178EF1C}.Debug|Any CPU.Build.0 = Debug|Any CPU
		{A0FED215-A73A-4145-AD4F-9751B178EF1C}.Release|Any CPU.ActiveCfg = Release|Any CPU
		{A0FED215-A73A-4145-AD4F-9751B178EF1C}.Release|Any CPU.Build.0 = Release|Any CPU
		{BEC02452-4AE8-42AF-8699-5361BBFB1CC1}.Debug|Any CPU.ActiveCfg = Debug|Any CPU
		{BEC02452-4AE8-42AF-8699-5361BBFB1CC1}.Debug|Any CPU.Build.0 = Debug|Any CPU
		{BEC02452-4AE8-42AF-8699-5361BBFB1CC1}.Release|Any CPU.ActiveCfg = Release|Any CPU
		{BEC02452-4AE8-42AF-8699-5361BBFB1CC1}.Release|Any CPU.Build.0 = Release|Any CPU
		{6DA7C0C2-7E48-4AA2-8A1B-BC0370B50721}.Debug|Any CPU.ActiveCfg = Debug|Any CPU
		{6DA7C0C2-7E48-4AA2-8A1B-BC0370B50721}.Debug|Any CPU.Build.0 = Debug|Any CPU
		{6DA7C0C2-7E48-4AA2-8A1B-BC0370B50721}.Release|Any CPU.ActiveCfg = Release|Any CPU
		{6DA7C0C2-7E48-4AA2-8A1B-BC0370B50721}.Release|Any CPU.Build.0 = Release|Any CPU
		{5552BD23-8A5C-4A3F-8C2C-856E95660DF1}.Debug|Any CPU.ActiveCfg = Debug|Any CPU
		{5552BD23-8A5C-4A3F-8C2C-856E95660DF1}.Debug|Any CPU.Build.0 = Debug|Any CPU
		{5552BD23-8A5C-4A3F-8C2C-856E95660DF1}.Release|Any CPU.ActiveCfg = Release|Any CPU
		{5552BD23-8A5C-4A3F-8C2C-856E95660DF1}.Release|Any CPU.Build.0 = Release|Any CPU
		{7096DA31-36E8-43A0-9E8E-69B253C22C02}.Debug|Any CPU.ActiveCfg = Debug|Any CPU
		{7096DA31-36E8-43A0-9E8E-69B253C22C02}.Debug|Any CPU.Build.0 = Debug|Any CPU
		{7096DA31-36E8-43A0-9E8E-69B253C22C02}.Release|Any CPU.ActiveCfg = Release|Any CPU
		{7096DA31-36E8-43A0-9E8E-69B253C22C02}.Release|Any CPU.Build.0 = Release|Any CPU
		{A9580C3E-90EA-44E2-9CC2-5BBBBCA9CDC5}.Debug|Any CPU.ActiveCfg = Debug|Any CPU
		{A9580C3E-90EA-44E2-9CC2-5BBBBCA9CDC5}.Debug|Any CPU.Build.0 = Debug|Any CPU
		{A9580C3E-90EA-44E2-9CC2-5BBBBCA9CDC5}.Release|Any CPU.ActiveCfg = Release|Any CPU
		{A9580C3E-90EA-44E2-9CC2-5BBBBCA9CDC5}.Release|Any CPU.Build.0 = Release|Any CPU
		{842E5918-E7B8-45F0-81AE-60F6927791C5}.Debug|Any CPU.ActiveCfg = Debug|Any CPU
		{842E5918-E7B8-45F0-81AE-60F6927791C5}.Debug|Any CPU.Build.0 = Debug|Any CPU
		{842E5918-E7B8-45F0-81AE-60F6927791C5}.Release|Any CPU.ActiveCfg = Release|Any CPU
		{842E5918-E7B8-45F0-81AE-60F6927791C5}.Release|Any CPU.Build.0 = Release|Any CPU
		{86384493-A91D-4C97-B874-66E1A1A5301F}.Debug|Any CPU.ActiveCfg = Debug|Any CPU
		{86384493-A91D-4C97-B874-66E1A1A5301F}.Debug|Any CPU.Build.0 = Debug|Any CPU
		{86384493-A91D-4C97-B874-66E1A1A5301F}.Release|Any CPU.ActiveCfg = Release|Any CPU
		{86384493-A91D-4C97-B874-66E1A1A5301F}.Release|Any CPU.Build.0 = Release|Any CPU
		{140C1665-D48D-4559-8718-604A47AA362D}.Debug|Any CPU.ActiveCfg = Debug|Any CPU
		{140C1665-D48D-4559-8718-604A47AA362D}.Debug|Any CPU.Build.0 = Debug|Any CPU
		{140C1665-D48D-4559-8718-604A47AA362D}.Release|Any CPU.ActiveCfg = Release|Any CPU
		{140C1665-D48D-4559-8718-604A47AA362D}.Release|Any CPU.Build.0 = Release|Any CPU
	EndGlobalSection
	GlobalSection(NestedProjects) = preSolution
		{A0FED215-A73A-4145-AD4F-9751B178EF1C} = {713FA794-7964-48D5-918D-58484C3CAAE9}
		{BEC02452-4AE8-42AF-8699-5361BBFB1CC1} = {713FA794-7964-48D5-918D-58484C3CAAE9}
		{7096DA31-36E8-43A0-9E8E-69B253C22C02} = {0C57AFC7-4825-43EB-988B-6A139DA001E6}
		{A9580C3E-90EA-44E2-9CC2-5BBBBCA9CDC5} = {F473668D-E268-4532-B2C2-125F912448D7}
		{842E5918-E7B8-45F0-81AE-60F6927791C5} = {713FA794-7964-48D5-918D-58484C3CAAE9}
		{86384493-A91D-4C97-B874-66E1A1A5301F} = {713FA794-7964-48D5-918D-58484C3CAAE9}
	EndGlobalSection
EndGlobal
